# This file is autogenerated, do not edit; changes may be undone by the next 'dep ensure'.


[[projects]]
  branch = "master"
  name = "github.com/golang/glog"
  packages = ["."]
  revision = "23def4e6c14b4da8ac2ed8007337bc5eb5007998"

[[projects]]
  branch = "master"
  name = "github.com/iovisor/gobpf"
  packages = [
    "elf",
    "elf/include",
    "pkg/bpffs",
    "pkg/cpuonline"
  ]
  revision = "81c26b7026fa174bd0ac0e26f3c29ba66fd9b2c0"

[solve-meta]
  analyzer-name = "dep"
  analyzer-version = 1
  inputs-digest = "9d034134647fd8099b43a7fbd828d243b01c6d2a6ace969408af341d0407ed12"
  solver-name = "gps-cdcl"
  solver-version = 1
